
Microsoft Visual Studio Solution File, Format Version 12.00
# Visual Studio Version 17
VisualStudioVersion = 17.7.34031.279
MinimumVisualStudioVersion = 10.0.40219.1
Project("{FAE04EC0-301F-11D3-BF4B-00C04F79EFBC}") = "PasswordChecker", "PasswordChecker.csproj", "{7EAEFAEA-FB7B-428A-89F6-2654F0F5227C}"
EndProject
Global
	GlobalSection(SolutionConfigurationPlatforms) = preSolution
		Debug|Any CPU = Debug|Any CPU
		Release|Any CPU = Release|Any CPU
	EndGlobalSection
	GlobalSection(ProjectConfigurationPlatforms) = postSolution
		{7EAEFAEA-FB7B-428A-89F6-2654F0F5227C}.Debug|Any CPU.ActiveCfg = Debug|Any CPU
		{7EAEFAEA-FB7B-428A-89F6-2654F0F5227C}.Debug|Any CPU.Build.0 = Debug|Any CPU
		{7EAEFAEA-FB7B-428A-89F6-2654F0F5227C}.Release|Any CPU.ActiveCfg = Release|Any CPU
		{7EAEFAEA-FB7B-428A-89F6-2654F0F5227C}.Release|Any CPU.Build.0 = Release|Any CPU
	EndGlobalSection
	GlobalSection(SolutionProperties) = preSolution
		HideSolutionNode = FALSE
	EndGlobalSection
	GlobalSection(ExtensibilityGlobals) = postSolution
		SolutionGuid = {9F00FC83-4CB6-4D48-80E2-CC79D19C5A08}
	EndGlobalSection
EndGlobal
